
Microsoft Visual Studio Solution File, Format Version 12.00
# Visual Studio 2013
VisualStudioVersion = 12.0.31101.0
MinimumVisualStudioVersion = 10.0.40219.1
Project("{FAE04EC0-301F-11D3-BF4B-00C04F79EFBC}") = "TextBoxExample", "Src\TextBoxExample\TextBoxExample.csproj", "{7E7BB89A-BB21-45AC-BEDD-F07C49D8255C}"
EndProject
Project("{FAE04EC0-301F-11D3-BF4B-00C04F79EFBC}") = "KeySearchExample", "Src\KeySearchExample\KeySearchExample.csproj", "{4BBDA5CF-43F5-4FB3-B8DE-BF5AC709C86E}"
EndProject
Project("{FAE04EC0-301F-11D3-BF4B-00C04F79EFBC}") = "AnimationExample", "Src\AnimationExample\AnimationExample.csproj", "{62242B0A-F7E5-468B-AFF3-AF52EF981F1A}"
EndProject
Project("{FAE04EC0-301F-11D3-BF4B-00C04F79EFBC}") = "CommandExample", "Src\CommandExample\CommandExample.csproj", "{7F14982B-C57C-4617-9EBA-4F97C9716F20}"
EndProject
Global
	GlobalSection(SolutionConfigurationPlatforms) = preSolution
		Debug|Any CPU = Debug|Any CPU
		Release|Any CPU = Release|Any CPU
	EndGlobalSection
	GlobalSection(ProjectConfigurationPlatforms) = postSolution
		{7E7BB89A-BB21-45AC-BEDD-F07C49D8255C}.Debug|Any CPU.ActiveCfg = Debug|Any CPU
		{7E7BB89A-BB21-45AC-BEDD-F07C49D8255C}.Debug|Any CPU.Build.0 = Debug|Any CPU
		{7E7BB89A-BB21-45AC-BEDD-F07C49D8255C}.Release|Any CPU.ActiveCfg = Release|Any CPU
		{7E7BB89A-BB21-45AC-BEDD-F07C49D8255C}.Release|Any CPU.Build.0 = Release|Any CPU
		{4BBDA5CF-43F5-4FB3-B8DE-BF5AC709C86E}.Debug|Any CPU.ActiveCfg = Debug|Any CPU
		{4BBDA5CF-43F5-4FB3-B8DE-BF5AC709C86E}.Debug|Any CPU.Build.0 = Debug|Any CPU
		{4BBDA5CF-43F5-4FB3-B8DE-BF5AC709C86E}.Release|Any CPU.ActiveCfg = Release|Any CPU
		{4BBDA5CF-43F5-4FB3-B8DE-BF5AC709C86E}.Release|Any CPU.Build.0 = Release|Any CPU
		{62242B0A-F7E5-468B-AFF3-AF52EF981F1A}.Debug|Any CPU.ActiveCfg = Debug|Any CPU
		{62242B0A-F7E5-468B-AFF3-AF52EF981F1A}.Debug|Any CPU.Build.0 = Debug|Any CPU
		{62242B0A-F7E5-468B-AFF3-AF52EF981F1A}.Release|Any CPU.ActiveCfg = Release|Any CPU
		{62242B0A-F7E5-468B-AFF3-AF52EF981F1A}.Release|Any CPU.Build.0 = Release|Any CPU
		{7F14982B-C57C-4617-9EBA-4F97C9716F20}.Debug|Any CPU.ActiveCfg = Debug|Any CPU
		{7F14982B-C57C-4617-9EBA-4F97C9716F20}.Debug|Any CPU.Build.0 = Debug|Any CPU
		{7F14982B-C57C-4617-9EBA-4F97C9716F20}.Release|Any CPU.ActiveCfg = Release|Any CPU
		{7F14982B-C57C-4617-9EBA-4F97C9716F20}.Release|Any CPU.Build.0 = Release|Any CPU
	EndGlobalSection
	GlobalSection(SolutionProperties) = preSolution
		HideSolutionNode = FALSE
	EndGlobalSection
EndGlobal
